
Microsoft Visual Studio Solution File, Format Version 12.00
# Visual Studio 15
VisualStudioVersion = 15.0.28010.2019
MinimumVisualStudioVersion = 10.0.40219.1
Project("{9A19103F-16F7-4668-BE54-9A1E7A4F7556}") = "Generator", "Information Security Password Cracking Tool\Generator.csproj", "{1EAB25DB-FAA9-4943-8E88-F6144A8C8D1E}"
EndProject
Project("{FAE04EC0-301F-11D3-BF4B-00C04F79EFBC}") = "Cracker", "Information Security Password Cracker Tool\Cracker.csproj", "{29652447-2B09-4A2B-AD4A-A451CA814B04}"
EndProject
Project("{FAE04EC0-301F-11D3-BF4B-00C04F79EFBC}") = "Demo", "Demo\Demo.csproj", "{F5AAE4F9-946F-4526-8C1C-119C8151F7C2}"
EndProject
Global
	GlobalSection(SolutionConfigurationPlatforms) = preSolution
		Debug|Any CPU = Debug|Any CPU
		Release|Any CPU = Release|Any CPU
	EndGlobalSection
	GlobalSection(ProjectConfigurationPlatforms) = postSolution
		{1EAB25DB-FAA9-4943-8E88-F6144A8C8D1E}.Debug|Any CPU.ActiveCfg = Debug|Any CPU
		{1EAB25DB-FAA9-4943-8E88-F6144A8C8D1E}.Debug|Any CPU.Build.0 = Debug|Any CPU
		{1EAB25DB-FAA9-4943-8E88-F6144A8C8D1E}.Release|Any CPU.ActiveCfg = Release|Any CPU
		{1EAB25DB-FAA9-4943-8E88-F6144A8C8D1E}.Release|Any CPU.Build.0 = Release|Any CPU
		{29652447-2B09-4A2B-AD4A-A451CA814B04}.Debug|Any CPU.ActiveCfg = Debug|Any CPU
		{29652447-2B09-4A2B-AD4A-A451CA814B04}.Debug|Any CPU.Build.0 = Debug|Any CPU
		{29652447-2B09-4A2B-AD4A-A451CA814B04}.Release|Any CPU.ActiveCfg = Release|Any CPU
		{29652447-2B09-4A2B-AD4A-A451CA814B04}.Release|Any CPU.Build.0 = Release|Any CPU
		{F5AAE4F9-946F-4526-8C1C-119C8151F7C2}.Debug|Any CPU.ActiveCfg = Debug|Any CPU
		{F5AAE4F9-946F-4526-8C1C-119C8151F7C2}.Debug|Any CPU.Build.0 = Debug|Any CPU
		{F5AAE4F9-946F-4526-8C1C-119C8151F7C2}.Release|Any CPU.ActiveCfg = Release|Any CPU
		{F5AAE4F9-946F-4526-8C1C-119C8151F7C2}.Release|Any CPU.Build.0 = Release|Any CPU
	EndGlobalSection
	GlobalSection(SolutionProperties) = preSolution
		HideSolutionNode = FALSE
	EndGlobalSection
	GlobalSection(ExtensibilityGlobals) = postSolution
		SolutionGuid = {DF4E0DAA-7B2F-447A-B178-C8E133FEEDFA}
	EndGlobalSection
EndGlobal
